
Microsoft Visual Studio Solution File, Format Version 12.00
# Visual Studio 15
Project("{FAE04EC0-301F-11D3-BF4B-00C04F79EFBC}") = "Assembly-CSharp", "Assembly-CSharp.csproj", "{0F411B50-08A3-B15C-36C2-CC5A14DD545C}"
EndProject
Project("{FAE04EC0-301F-11D3-BF4B-00C04F79EFBC}") = "Assembly-CSharp-firstpass", "Assembly-CSharp-firstpass.csproj", "{65ECD54D-8BCD-96E8-4496-60240A2083F9}"
EndProject
Global
	GlobalSection(SolutionConfigurationPlatforms) = preSolution
		Debug|Any CPU = Debug|Any CPU
		Release|Any CPU = Release|Any CPU
	EndGlobalSection
	GlobalSection(ProjectConfigurationPlatforms) = postSolution
		{0F411B50-08A3-B15C-36C2-CC5A14DD545C}.Debug|Any CPU.ActiveCfg = Debug|Any CPU
		{0F411B50-08A3-B15C-36C2-CC5A14DD545C}.Debug|Any CPU.Build.0 = Debug|Any CPU
		{0F411B50-08A3-B15C-36C2-CC5A14DD545C}.Release|Any CPU.ActiveCfg = Release|Any CPU
		{0F411B50-08A3-B15C-36C2-CC5A14DD545C}.Release|Any CPU.Build.0 = Release|Any CPU
		{65ECD54D-8BCD-96E8-4496-60240A2083F9}.Debug|Any CPU.ActiveCfg = Debug|Any CPU
		{65ECD54D-8BCD-96E8-4496-60240A2083F9}.Debug|Any CPU.Build.0 = Debug|Any CPU
		{65ECD54D-8BCD-96E8-4496-60240A2083F9}.Release|Any CPU.ActiveCfg = Release|Any CPU
		{65ECD54D-8BCD-96E8-4496-60240A2083F9}.Release|Any CPU.Build.0 = Release|Any CPU
	EndGlobalSection
	GlobalSection(SolutionProperties) = preSolution
		HideSolutionNode = FALSE
	EndGlobalSection
EndGlobal
